
Microsoft Visual Studio Solution File, Format Version 12.00
# Visual Studio 15
VisualStudioVersion = 15.0.27130.2027
MinimumVisualStudioVersion = 10.0.40219.1
Project("{9A19103F-16F7-4668-BE54-9A1E7A4F7556}") = "ExamApp.Web", "ExamApp.Web\ExamApp.Web.csproj", "{065C23B9-F1C4-4FC6-AC20-12C1AEBA4D39}"
EndProject
Project("{FAE04EC0-301F-11D3-BF4B-00C04F79EFBC}") = "ExamApp.Domain", "ExamApp.Domain\ExamApp.Domain.csproj", "{B88F378D-9614-41BA-93C2-821971F47F3C}"
EndProject
Project("{FAE04EC0-301F-11D3-BF4B-00C04F79EFBC}") = "ExamApp.DataAccess", "ExamApp.DataAccess\ExamApp.DataAccess.csproj", "{0DE4FECC-D763-4BBE-93BE-EED6D8CBA789}"
EndProject
Project("{FAE04EC0-301F-11D3-BF4B-00C04F79EFBC}") = "ExamApp.Repository", "ExamApp.Repository\ExamApp.Repository.csproj", "{B5C644CF-DC4F-498E-B193-E1B85D32136B}"
EndProject
Global
	GlobalSection(SolutionConfigurationPlatforms) = preSolution
		Debug|Any CPU = Debug|Any CPU
		Release|Any CPU = Release|Any CPU
	EndGlobalSection
	GlobalSection(ProjectConfigurationPlatforms) = postSolution
		{065C23B9-F1C4-4FC6-AC20-12C1AEBA4D39}.Debug|Any CPU.ActiveCfg = Debug|Any CPU
		{065C23B9-F1C4-4FC6-AC20-12C1AEBA4D39}.Debug|Any CPU.Build.0 = Debug|Any CPU
		{065C23B9-F1C4-4FC6-AC20-12C1AEBA4D39}.Release|Any CPU.ActiveCfg = Release|Any CPU
		{065C23B9-F1C4-4FC6-AC20-12C1AEBA4D39}.Release|Any CPU.Build.0 = Release|Any CPU
		{B88F378D-9614-41BA-93C2-821971F47F3C}.Debug|Any CPU.ActiveCfg = Debug|Any CPU
		{B88F378D-9614-41BA-93C2-821971F47F3C}.Debug|Any CPU.Build.0 = Debug|Any CPU
		{B88F378D-9614-41BA-93C2-821971F47F3C}.Release|Any CPU.ActiveCfg = Release|Any CPU
		{B88F378D-9614-41BA-93C2-821971F47F3C}.Release|Any CPU.Build.0 = Release|Any CPU
		{0DE4FECC-D763-4BBE-93BE-EED6D8CBA789}.Debug|Any CPU.ActiveCfg = Debug|Any CPU
		{0DE4FECC-D763-4BBE-93BE-EED6D8CBA789}.Debug|Any CPU.Build.0 = Debug|Any CPU
		{0DE4FECC-D763-4BBE-93BE-EED6D8CBA789}.Release|Any CPU.ActiveCfg = Release|Any CPU
		{0DE4FECC-D763-4BBE-93BE-EED6D8CBA789}.Release|Any CPU.Build.0 = Release|Any CPU
		{B5C644CF-DC4F-498E-B193-E1B85D32136B}.Debug|Any CPU.ActiveCfg = Debug|Any CPU
		{B5C644CF-DC4F-498E-B193-E1B85D32136B}.Debug|Any CPU.Build.0 = Debug|Any CPU
		{B5C644CF-DC4F-498E-B193-E1B85D32136B}.Release|Any CPU.ActiveCfg = Release|Any CPU
		{B5C644CF-DC4F-498E-B193-E1B85D32136B}.Release|Any CPU.Build.0 = Release|Any CPU
	EndGlobalSection
	GlobalSection(SolutionProperties) = preSolution
		HideSolutionNode = FALSE
	EndGlobalSection
	GlobalSection(ExtensibilityGlobals) = postSolution
		SolutionGuid = {A50F88C5-1FE3-4C86-864D-A7D272F5FF7C}
	EndGlobalSection
EndGlobal
